NeoBundleLock SearchComplete d85ccf8c6c1fa88feff0c56b8fe271b7d91bd292
NeoBundleLock neobundle.vim 1306c131ff0a6cc094b7ff0727350e442b5427f1
NeoBundleLock neocomplcache 778181767467b8f8016828898779a646074d883a
NeoBundleLock nerdcommenter c62e618a1ab5a50a4028e3296500ba29d9b033d8
NeoBundleLock previm d405a3c2bf3bd69d947fd1ed0a485e44ea77e91d
