NeoBundleLock SearchComplete d85ccf8c6c1fa88feff0c56b8fe271b7d91bd292
NeoBundleLock neobundle.vim 1306c131ff0a6cc094b7ff0727350e442b5427f1
NeoBundleLock neocomplcache 1e6ff11e6c9b057f35534a43d1c5da53d27b415c
NeoBundleLock nerdcommenter d2e21d417f6c788b11ae3b90d7ac478930dead36
NeoBundleLock previm 2b2e4a8002877741e9f584b9b3751ed0d47e5952
